
Microsoft Visual Studio Solution File, Format Version 12.00
# Visual Studio Version 16
VisualStudioVersion = 16.0.31702.278
MinimumVisualStudioVersion = 10.0.40219.1
Project("{FAE04EC0-301F-11D3-BF4B-00C04F79EFBC}") = "JovemProgramadorMVC", "JovemProgramadorMVC\JovemProgramadorMVC.csproj", "{15E100D7-7EAD-4929-B635-09B3FFF32FD4}"
EndProject
Global
	GlobalSection(SolutionConfigurationPlatforms) = preSolution
		Debug|Any CPU = Debug|Any CPU
		Release|Any CPU = Release|Any CPU
	EndGlobalSection
	GlobalSection(ProjectConfigurationPlatforms) = postSolution
		{15E100D7-7EAD-4929-B635-09B3FFF32FD4}.Debug|Any CPU.ActiveCfg = Debug|Any CPU
		{15E100D7-7EAD-4929-B635-09B3FFF32FD4}.Debug|Any CPU.Build.0 = Debug|Any CPU
		{15E100D7-7EAD-4929-B635-09B3FFF32FD4}.Release|Any CPU.ActiveCfg = Release|Any CPU
		{15E100D7-7EAD-4929-B635-09B3FFF32FD4}.Release|Any CPU.Build.0 = Release|Any CPU
	EndGlobalSection
	GlobalSection(SolutionProperties) = preSolution
		HideSolutionNode = FALSE
	EndGlobalSection
	GlobalSection(ExtensibilityGlobals) = postSolution
		SolutionGuid = {61F21198-D27F-4BCF-9891-14C73913D291}
	EndGlobalSection
EndGlobal
